
Microsoft Visual Studio Solution File, Format Version 12.00
# Visual Studio Version 16
VisualStudioVersion = 16.0.31729.503
MinimumVisualStudioVersion = 10.0.40219.1
Project("{FAE04EC0-301F-11D3-BF4B-00C04F79EFBC}") = "NewSuperIdleFarmer", "NewSuperIdleFarmer.csproj", "{A3CD297D-BA7B-48CE-89EE-2283C66D13C3}"
EndProject
Global
	GlobalSection(SolutionConfigurationPlatforms) = preSolution
		Debug|Any CPU = Debug|Any CPU
		Release|Any CPU = Release|Any CPU
	EndGlobalSection
	GlobalSection(ProjectConfigurationPlatforms) = postSolution
		{A3CD297D-BA7B-48CE-89EE-2283C66D13C3}.Debug|Any CPU.ActiveCfg = Debug|Any CPU
		{A3CD297D-BA7B-48CE-89EE-2283C66D13C3}.Debug|Any CPU.Build.0 = Debug|Any CPU
		{A3CD297D-BA7B-48CE-89EE-2283C66D13C3}.Release|Any CPU.ActiveCfg = Release|Any CPU
		{A3CD297D-BA7B-48CE-89EE-2283C66D13C3}.Release|Any CPU.Build.0 = Release|Any CPU
	EndGlobalSection
	GlobalSection(SolutionProperties) = preSolution
		HideSolutionNode = FALSE
	EndGlobalSection
	GlobalSection(ExtensibilityGlobals) = postSolution
		SolutionGuid = {4E9DF1C2-CCDD-422E-871F-D3CA27EE070E}
	EndGlobalSection
EndGlobal
